// !$*UTF8*$!
{
	archiveVersion = 1;
	classes = {
	};
	objectVersion = 46;
	objects = {

/* Begin PBXBuildFile section */
		3A3F1B481D3A4E2F0047C6B1 /* main.m in Sources */ = {isa = PBXBuildFile; fileRef = 3A3F1B471D3A4E2F0047C6B1 /* main.m */; };
		3A3F1B4B1D3A4E2F0047C6B1 /* AppDelegate.m in Sources */ = {isa = PBXBuildFile; fileRef = 3A3F1B4A1D3A4E2F0047C6B1 /* AppDelegate.m */; };
		3A3F1B511D3A4E2F0047C6B1 /* Main.storyboard in Resources */ = {isa = PBXBuildFile; fileRef = 3A3F1B4F1D3A4E2F0047C6B1 /* Main.storyboard */; };
		3A3F1B531D3A4E2F0047C6B1 /* Images.xcassets in Resources */ = {isa = PBXBuildFile; fileRef = 3A3F1B521D3A4E2F0047C6B1 /* Images.xcassets */; };
		3A3F1B561D3A4E2F0047C6B1 /* LaunchScreen.xib in Resources */ = {isa = PBXBuildFile; fileRef = 3A3F1B541D3A4E2F0047C6B1 /* LaunchScreen.xib */; };
		3A3F1B621D3A4E2F0047C6B1 /* GDWeiboTests.m in Sources */ = {isa = PBXBuildFile; fileRef = 3A3F1B611D3A4E2F0047C6B1 /* GDWeiboTests.m */; };
		3A3F1B6D1D3A511D0047C6B1 /* GDViewController.m in Sources */ = {isa = PBXBuildFile; fileRef = 3A3F1B6C1D3A511D0047C6B1 /* GDViewController.m */; };
		3A4592EA1D3B478E0022B939 /* GDTabBar.m in Sources */ = {isa = PBXBuildFile; fileRef = 3A4592E91D3B478E0022B939 /* GDTabBar.m */; };
		3A4592ED1D3B97100022B939 /* GDNavigationController.m in Sources */ = {isa = PBXBuildFile; fileRef = 3A4592EC1D3B97100022B939 /* GDNavigationController.m */; };
		3A503F341D3A97A500A1A7BE /* GDMeViewController.m in Sources */ = {isa = PBXBuildFile; fileRef = 3A503F331D3A97A500A1A7BE /* GDMeViewController.m */; };
		3A503F371D3A97BC00A1A7BE /* GDMessageViewController.m in Sources */ = {isa = PBXBuildFile; fileRef = 3A503F361D3A97BC00A1A7BE /* GDMessageViewController.m */; };
		3A503F3A1D3A97D400A1A7BE /* GDHomeViewController.m in Sources */ = {isa = PBXBuildFile; fileRef = 3A503F391D3A97D400A1A7BE /* GDHomeViewController.m */; };
		3A503F3D1D3A982300A1A7BE /* GDDiscoverViewController.m in Sources */ = {isa = PBXBuildFile; fileRef = 3A503F3C1D3A982300A1A7BE /* GDDiscoverViewController.m */; };
/* End PBXBuildFile section */

/* Begin PBXContainerItemProxy section */
		3A3F1B5C1D3A4E2F0047C6B1 /* PBXContainerItemProxy */ = {
			isa = PBXContainerItemProxy;
			containerPortal = 3A3F1B3A1D3A4E2F0047C6B1 /* Project object */;
			proxyType = 1;
			remoteGlobalIDString = 3A3F1B411D3A4E2F0047C6B1;
			remoteInfo = GDWeibo;
		};
/* End PBXContainerItemProxy section */

/* Begin PBXFileReference section */
		3A3F1B421D3A4E2F0047C6B1 /* GDWeibo.app */ = {isa = PBXFileReference; explicitFileType = wrapper.application; includeInIndex = 0; path = GDWeibo.app; sourceTree = BUILT_PRODUCTS_DIR; };
		3A3F1B461D3A4E2F0047C6B1 /* Info.plist */ = {isa = PBXFileReference; lastKnownFileType = text.plist.xml; path = Info.plist; sourceTree = "<group>"; };
		3A3F1B471D3A4E2F0047C6B1 /* main.m */ = {isa = PBXFileReference; lastKnownFileType = sourcecode.c.objc; path = main.m; sourceTree = "<group>"; };
		3A3F1B491D3A4E2F0047C6B1 /* AppDelegate.h */ = {isa = PBXFileReference; lastKnownFileType = sourcecode.c.h; path = AppDelegate.h; sourceTree = "<group>"; };
		3A3F1B4A1D3A4E2F0047C6B1 /* AppDelegate.m */ = {isa = PBXFileReference; lastKnownFileType = sourcecode.c.objc; path = AppDelegate.m; sourceTree = "<group>"; };
		3A3F1B501D3A4E2F0047C6B1 /* Base */ = {isa = PBXFileReference; lastKnownFileType = file.storyboard; name = Base; path = Base.lproj/Main.storyboard; sourceTree = "<group>"; };
		3A3F1B521D3A4E2F0047C6B1 /* Images.xcassets */ = {isa = PBXFileReference; lastKnownFileType = folder.assetcatalog; path = Images.xcassets; sourceTree = "<group>"; };
		3A3F1B551D3A4E2F0047C6B1 /* Base */ = {isa = PBXFileReference; lastKnownFileType = file.xib; name = Base; path = Base.lproj/LaunchScreen.xib; sourceTree = "<group>"; };
		3A3F1B5B1D3A4E2F0047C6B1 /* GDWeiboTests.xctest */ = {isa = PBXFileReference; explicitFileType = wrapper.cfbundle; includeInIndex = 0; path = GDWeiboTests.xctest; sourceTree = BUILT_PRODUCTS_DIR; };
		3A3F1B601D3A4E2F0047C6B1 /* Info.plist */ = {isa = PBXFileReference; lastKnownFileType = text.plist.xml; path = Info.plist; sourceTree = "<group>"; };
		3A3F1B611D3A4E2F0047C6B1 /* GDWeiboTests.m */ = {isa = PBXFileReference; lastKnownFileType = sourcecode.c.objc; path = GDWeiboTests.m; sourceTree = "<group>"; };
		3A3F1B6B1D3A511D0047C6B1 /* GDViewController.h */ = {isa = PBXFileReference; fileEncoding = 4; lastKnownFileType = sourcecode.c.h; name = GDViewController.h; path = ../GDViewController.h; sourceTree = "<group>"; };
		3A3F1B6C1D3A511D0047C6B1 /* GDViewController.m */ = {isa = PBXFileReference; fileEncoding = 4; lastKnownFileType = sourcecode.c.objc; name = GDViewController.m; path = ../GDViewController.m; sourceTree = "<group>"; };
		3A4592E81D3B478E0022B939 /* GDTabBar.h */ = {isa = PBXFileReference; fileEncoding = 4; lastKnownFileType = sourcecode.c.h; path = GDTabBar.h; sourceTree = "<group>"; };
		3A4592E91D3B478E0022B939 /* GDTabBar.m */ = {isa = PBXFileReference; fileEncoding = 4; lastKnownFileType = sourcecode.c.objc; path = GDTabBar.m; sourceTree = "<group>"; };
		3A4592EB1D3B97100022B939 /* GDNavigationController.h */ = {isa = PBXFileReference; fileEncoding = 4; lastKnownFileType = sourcecode.c.h; path = GDNavigationController.h; sourceTree = "<group>"; };
		3A4592EC1D3B97100022B939 /* GDNavigationController.m */ = {isa = PBXFileReference; fileEncoding = 4; lastKnownFileType = sourcecode.c.objc; path = GDNavigationController.m; sourceTree = "<group>"; };
		3A503F321D3A97A500A1A7BE /* GDMeViewController.h */ = {isa = PBXFileReference; fileEncoding = 4; lastKnownFileType = sourcecode.c.h; path = GDMeViewController.h; sourceTree = "<group>"; };
		3A503F331D3A97A500A1A7BE /* GDMeViewController.m */ = {isa = PBXFileReference; fileEncoding = 4; lastKnownFileType = sourcecode.c.objc; path = GDMeViewController.m; sourceTree = "<group>"; };
		3A503F351D3A97BC00A1A7BE /* GDMessageViewController.h */ = {isa = PBXFileReference; fileEncoding = 4; lastKnownFileType = sourcecode.c.h; path = GDMessageViewController.h; sourceTree = "<group>"; };
		3A503F361D3A97BC00A1A7BE /* GDMessageViewController.m */ = {isa = PBXFileReference; fileEncoding = 4; lastKnownFileType = sourcecode.c.objc; path = GDMessageViewController.m; sourceTree = "<group>"; };
		3A503F381D3A97D400A1A7BE /* GDHomeViewController.h */ = {isa = PBXFileReference; fileEncoding = 4; lastKnownFileType = sourcecode.c.h; path = GDHomeViewController.h; sourceTree = "<group>"; };
		3A503F391D3A97D400A1A7BE /* GDHomeViewController.m */ = {isa = PBXFileReference; fileEncoding = 4; lastKnownFileType = sourcecode.c.objc; path = GDHomeViewController.m; sourceTree = "<group>"; };
		3A503F3B1D3A982300A1A7BE /* GDDiscoverViewController.h */ = {isa = PBXFileReference; fileEncoding = 4; lastKnownFileType = sourcecode.c.h; path = GDDiscoverViewController.h; sourceTree = "<group>"; };
		3A503F3C1D3A982300A1A7BE /* GDDiscoverViewController.m */ = {isa = PBXFileReference; fileEncoding = 4; lastKnownFileType = sourcecode.c.objc; path = GDDiscoverViewController.m; sourceTree = "<group>"; };
/* End PBXFileReference section */

/* Begin PBXFrameworksBuildPhase section */
		3A3F1B3F1D3A4E2F0047C6B1 /* Frameworks */ = {
			isa = PBXFrameworksBuildPhase;
			buildActionMask = 2147483647;
			files = (
			);
			runOnlyForDeploymentPostprocessing = 0;
		};
		3A3F1B581D3A4E2F0047C6B1 /* Frameworks */ = {
			isa = PBXFrameworksBuildPhase;
			buildActionMask = 2147483647;
			files = (
			);
			runOnlyForDeploymentPostprocessing = 0;
		};
/* End PBXFrameworksBuildPhase section */

/* Begin PBXGroup section */
		3A3F1B391D3A4E2F0047C6B1 = {
			isa = PBXGroup;
			children = (
				3A3F1B441D3A4E2F0047C6B1 /* GDWeibo */,
				3A3F1B5E1D3A4E2F0047C6B1 /* GDWeiboTests */,
				3A3F1B431D3A4E2F0047C6B1 /* Products */,
			);
			sourceTree = "<group>";
		};
		3A3F1B431D3A4E2F0047C6B1 /* Products */ = {
			isa = PBXGroup;
			children = (
				3A3F1B421D3A4E2F0047C6B1 /* GDWeibo.app */,
				3A3F1B5B1D3A4E2F0047C6B1 /* GDWeiboTests.xctest */,
			);
			name = Products;
			sourceTree = "<group>";
		};
		3A3F1B441D3A4E2F0047C6B1 /* GDWeibo */ = {
			isa = PBXGroup;
			children = (
				3A3F1B6B1D3A511D0047C6B1 /* GDViewController.h */,
				3A3F1B6C1D3A511D0047C6B1 /* GDViewController.m */,
				3A4592E81D3B478E0022B939 /* GDTabBar.h */,
				3A4592E91D3B478E0022B939 /* GDTabBar.m */,
				3A4592EB1D3B97100022B939 /* GDNavigationController.h */,
				3A4592EC1D3B97100022B939 /* GDNavigationController.m */,
				3A503F321D3A97A500A1A7BE /* GDMeViewController.h */,
				3A503F331D3A97A500A1A7BE /* GDMeViewController.m */,
				3A503F351D3A97BC00A1A7BE /* GDMessageViewController.h */,
				3A503F361D3A97BC00A1A7BE /* GDMessageViewController.m */,
				3A503F381D3A97D400A1A7BE /* GDHomeViewController.h */,
				3A503F391D3A97D400A1A7BE /* GDHomeViewController.m */,
				3A503F3B1D3A982300A1A7BE /* GDDiscoverViewController.h */,
				3A503F3C1D3A982300A1A7BE /* GDDiscoverViewController.m */,
				3A3F1B491D3A4E2F0047C6B1 /* AppDelegate.h */,
				3A3F1B4A1D3A4E2F0047C6B1 /* AppDelegate.m */,
				3A3F1B4F1D3A4E2F0047C6B1 /* Main.storyboard */,
				3A3F1B521D3A4E2F0047C6B1 /* Images.xcassets */,
				3A3F1B541D3A4E2F0047C6B1 /* LaunchScreen.xib */,
				3A3F1B451D3A4E2F0047C6B1 /* Supporting Files */,
			);
			path = GDWeibo;
			sourceTree = "<group>";
		};
		3A3F1B451D3A4E2F0047C6B1 /* Supporting Files */ = {
			isa = PBXGroup;
			children = (
				3A3F1B461D3A4E2F0047C6B1 /* Info.plist */,
				3A3F1B471D3A4E2F0047C6B1 /* main.m */,
			);
			name = "Supporting Files";
			sourceTree = "<group>";
		};
		3A3F1B5E1D3A4E2F0047C6B1 /* GDWeiboTests */ = {
			isa = PBXGroup;
			children = (
				3A3F1B611D3A4E2F0047C6B1 /* GDWeiboTests.m */,
				3A3F1B5F1D3A4E2F0047C6B1 /* Supporting Files */,
			);
			path = GDWeiboTests;
			sourceTree = "<group>";
		};
		3A3F1B5F1D3A4E2F0047C6B1 /* Supporting Files */ = {
			isa = PBXGroup;
			children = (
				3A3F1B601D3A4E2F0047C6B1 /* Info.plist */,
			);
			name = "Supporting Files";
			sourceTree = "<group>";
		};
/* End PBXGroup section */

/* Begin PBXNativeTarget section */
		3A3F1B411D3A4E2F0047C6B1 /* GDWeibo */ = {
			isa = PBXNativeTarget;
			buildConfigurationList = 3A3F1B651D3A4E2F0047C6B1 /* Build configuration list for PBXNativeTarget "GDWeibo" */;
			buildPhases = (
				3A3F1B3E1D3A4E2F0047C6B1 /* Sources */,
				3A3F1B3F1D3A4E2F0047C6B1 /* Frameworks */,
				3A3F1B401D3A4E2F0047C6B1 /* Resources */,
			);
			buildRules = (
			);
			dependencies = (
			);
			name = GDWeibo;
			productName = GDWeibo;
			productReference = 3A3F1B421D3A4E2F0047C6B1 /* GDWeibo.app */;
			productType = "com.apple.product-type.application";
		};
		3A3F1B5A1D3A4E2F0047C6B1 /* GDWeiboTests */ = {
			isa = PBXNativeTarget;
			buildConfigurationList = 3A3F1B681D3A4E2F0047C6B1 /* Build configuration list for PBXNativeTarget "GDWeiboTests" */;
			buildPhases = (
				3A3F1B571D3A4E2F0047C6B1 /* Sources */,
				3A3F1B581D3A4E2F0047C6B1 /* Frameworks */,
				3A3F1B591D3A4E2F0047C6B1 /* Resources */,
			);
			buildRules = (
			);
			dependencies = (
				3A3F1B5D1D3A4E2F0047C6B1 /* PBXTargetDependency */,
			);
			name = GDWeiboTests;
			productName = GDWeiboTests;
			productReference = 3A3F1B5B1D3A4E2F0047C6B1 /* GDWeiboTests.xctest */;
			productType = "com.apple.product-type.bundle.unit-test";
		};
/* End PBXNativeTarget section */

/* Begin PBXProject section */
		3A3F1B3A1D3A4E2F0047C6B1 /* Project object */ = {
			isa = PBXProject;
			attributes = {
				CLASSPREFIX = GD;
				LastUpgradeCheck = 0630;
				ORGANIZATIONNAME = fz;
				TargetAttributes = {
					3A3F1B411D3A4E2F0047C6B1 = {
						CreatedOnToolsVersion = 6.3.1;
					};
					3A3F1B5A1D3A4E2F0047C6B1 = {
						CreatedOnToolsVersion = 6.3.1;
						TestTargetID = 3A3F1B411D3A4E2F0047C6B1;
					};
				};
			};
			buildConfigurationList = 3A3F1B3D1D3A4E2F0047C6B1 /* Build configuration list for PBXProject "GDWeibo" */;
			compatibilityVersion = "Xcode 3.2";
			developmentRegion = English;
			hasScannedForEncodings = 0;
			knownRegions = (
				en,
				Base,
			);
			mainGroup = 3A3F1B391D3A4E2F0047C6B1;
			productRefGroup = 3A3F1B431D3A4E2F0047C6B1 /* Products */;
			projectDirPath = "";
			projectRoot = "";
			targets = (
				3A3F1B411D3A4E2F0047C6B1 /* GDWeibo */,
				3A3F1B5A1D3A4E2F0047C6B1 /* GDWeiboTests */,
			);
		};
/* End PBXProject section */

/* Begin PBXResourcesBuildPhase section */
		3A3F1B401D3A4E2F0047C6B1 /* Resources */ = {
			isa = PBXResourcesBuildPhase;
			buildActionMask = 2147483647;
			files = (
				3A3F1B511D3A4E2F0047C6B1 /* Main.storyboard in Resources */,
				3A3F1B561D3A4E2F0047C6B1 /* LaunchScreen.xib in Resources */,
				3A3F1B531D3A4E2F0047C6B1 /* Images.xcassets in Resources */,
			);
			runOnlyForDeploymentPostprocessing = 0;
		};
		3A3F1B591D3A4E2F0047C6B1 /* Resources */ = {
			isa = PBXResourcesBuildPhase;
			buildActionMask = 2147483647;
			files = (
			);
			runOnlyForDeploymentPostprocessing = 0;
		};
/* End PBXResourcesBuildPhase section */

/* Begin PBXSourcesBuildPhase section */
		3A3F1B3E1D3A4E2F0047C6B1 /* Sources */ = {
			isa = PBXSourcesBuildPhase;
			buildActionMask = 2147483647;
			files = (
				3A503F3A1D3A97D400A1A7BE /* GDHomeViewController.m in Sources */,
				3A3F1B4B1D3A4E2F0047C6B1 /* AppDelegate.m in Sources */,
				3A3F1B6D1D3A511D0047C6B1 /* GDViewController.m in Sources */,
				3A503F371D3A97BC00A1A7BE /* GDMessageViewController.m in Sources */,
				3A4592EA1D3B478E0022B939 /* GDTabBar.m in Sources */,
				3A3F1B481D3A4E2F0047C6B1 /* main.m in Sources */,
				3A503F341D3A97A500A1A7BE /* GDMeViewController.m in Sources */,
				3A4592ED1D3B97100022B939 /* GDNavigationController.m in Sources */,
				3A503F3D1D3A982300A1A7BE /* GDDiscoverViewController.m in Sources */,
			);
			runOnlyForDeploymentPostprocessing = 0;
		};
		3A3F1B571D3A4E2F0047C6B1 /* Sources */ = {
			isa = PBXSourcesBuildPhase;
			buildActionMask = 2147483647;
			files = (
				3A3F1B621D3A4E2F0047C6B1 /* GDWeiboTests.m in Sources */,
			);
			runOnlyForDeploymentPostprocessing = 0;
		};
/* End PBXSourcesBuildPhase section */

/* Begin PBXTargetDependency section */
		3A3F1B5D1D3A4E2F0047C6B1 /* PBXTargetDependency */ = {
			isa = PBXTargetDependency;
			target = 3A3F1B411D3A4E2F0047C6B1 /* GDWeibo */;
			targetProxy = 3A3F1B5C1D3A4E2F0047C6B1 /* PBXContainerItemProxy */;
		};
/* End PBXTargetDependency section */

/* Begin PBXVariantGroup section */
		3A3F1B4F1D3A4E2F0047C6B1 /* Main.storyboard */ = {
			isa = PBXVariantGroup;
			children = (
				3A3F1B501D3A4E2F0047C6B1 /* Base */,
			);
			name = Main.storyboard;
			sourceTree = "<group>";
		};
		3A3F1B541D3A4E2F0047C6B1 /* LaunchScreen.xib */ = {
			isa = PBXVariantGroup;
			children = (
				3A3F1B551D3A4E2F0047C6B1 /* Base */,
			);
			name = LaunchScreen.xib;
			sourceTree = "<group>";
		};
/* End PBXVariantGroup section */

/* Begin XCBuildConfiguration section */
		3A3F1B631D3A4E2F0047C6B1 /* Debug */ = {
			isa = XCBuildConfiguration;
			buildSettings = {
				ALWAYS_SEARCH_USER_PATHS = NO;
				CLANG_CXX_LANGUAGE_STANDARD = "gnu++0x";
				CLANG_CXX_LIBRARY = "libc++";
				CLANG_ENABLE_MODULES = YES;
				CLANG_ENABLE_OBJC_ARC = YES;
				CLANG_WARN_BOOL_CONVERSION = YES;
				CLANG_WARN_CONSTANT_CONVERSION = YES;
				CLANG_WARN_DIRECT_OBJC_ISA_USAGE = YES_ERROR;
				CLANG_WARN_EMPTY_BODY = YES;
				CLANG_WARN_ENUM_CONVERSION = YES;
				CLANG_WARN_INT_CONVERSION = YES;
				CLANG_WARN_OBJC_ROOT_CLASS = YES_ERROR;
				CLANG_WARN_UNREACHABLE_CODE = YES;
				CLANG_WARN__DUPLICATE_METHOD_MATCH = YES;
				"CODE_SIGN_IDENTITY[sdk=iphoneos*]" = "iPhone Developer";
				COPY_PHASE_STRIP = NO;
				DEBUG_INFORMATION_FORMAT = "dwarf-with-dsym";
				ENABLE_STRICT_OBJC_MSGSEND = YES;
				GCC_C_LANGUAGE_STANDARD = gnu99;
				GCC_DYNAMIC_NO_PIC = NO;
				GCC_NO_COMMON_BLOCKS = YES;
				GCC_OPTIMIZATION_LEVEL = 0;
				GCC_PREPROCESSOR_DEFINITIONS = (
					"DEBUG=1",
					"$(inherited)",
				);
				GCC_SYMBOLS_PRIVATE_EXTERN = NO;
				GCC_WARN_64_TO_32_BIT_CONVERSION = YES;
				GCC_WARN_ABOUT_RETURN_TYPE = YES_ERROR;
				GCC_WARN_UNDECLARED_SELECTOR = YES;
				GCC_WARN_UNINITIALIZED_AUTOS = YES_AGGRESSIVE;
				GCC_WARN_UNUSED_FUNCTION = YES;
				GCC_WARN_UNUSED_VARIABLE = YES;
				IPHONEOS_DEPLOYMENT_TARGET = 8.3;
				MTL_ENABLE_DEBUG_INFO = YES;
				ONLY_ACTIVE_ARCH = YES;
				SDKROOT = iphoneos;
			};
			name = Debug;
		};
		3A3F1B641D3A4E2F0047C6B1 /* Release */ = {
			isa = XCBuildConfiguration;
			buildSettings = {
				ALWAYS_SEARCH_USER_PATHS = NO;
				CLANG_CXX_LANGUAGE_STANDARD = "gnu++0x";
				CLANG_CXX_LIBRARY = "libc++";
				CLANG_ENABLE_MODULES = YES;
				CLANG_ENABLE_OBJC_ARC = YES;
				CLANG_WARN_BOOL_CONVERSION = YES;
				CLANG_WARN_CONSTANT_CONVERSION = YES;
				CLANG_WARN_DIRECT_OBJC_ISA_USAGE = YES_ERROR;
				CLANG_WARN_EMPTY_BODY = YES;
				CLANG_WARN_ENUM_CONVERSION = YES;
				CLANG_WARN_INT_CONVERSION = YES;
				CLANG_WARN_OBJC_ROOT_CLASS = YES_ERROR;
				CLANG_WARN_UNREACHABLE_CODE = YES;
				CLANG_WARN__DUPLICATE_METHOD_MATCH = YES;
				"CODE_SIGN_IDENTITY[sdk=iphoneos*]" = "iPhone Developer";
				COPY_PHASE_STRIP = NO;
				DEBUG_INFORMATION_FORMAT = "dwarf-with-dsym";
				ENABLE_NS_ASSERTIONS = NO;
				ENABLE_STRICT_OBJC_MSGSEND = YES;
				GCC_C_LANGUAGE_STANDARD = gnu99;
				GCC_NO_COMMON_BLOCKS = YES;
				GCC_WARN_64_TO_32_BIT_CONVERSION = YES;
				GCC_WARN_ABOUT_RETURN_TYPE = YES_ERROR;
				GCC_WARN_UNDECLARED_SELECTOR = YES;
				GCC_WARN_UNINITIALIZED_AUTOS = YES_AGGRESSIVE;
				GCC_WARN_UNUSED_FUNCTION = YES;
				GCC_WARN_UNUSED_VARIABLE = YES;
				IPHONEOS_DEPLOYMENT_TARGET = 8.3;
				MTL_ENABLE_DEBUG_INFO = NO;
				SDKROOT = iphoneos;
				VALIDATE_PRODUCT = YES;
			};
			name = Release;
		};
		3A3F1B661D3A4E2F0047C6B1 /* Debug */ = {
			isa = XCBuildConfiguration;
			buildSettings = {
				ASSETCATALOG_COMPILER_APPICON_NAME = AppIcon;
				ASSETCATALOG_COMPILER_LAUNCHIMAGE_NAME = LaunchImage;
				INFOPLIST_FILE = GDWeibo/Info.plist;
				LD_RUNPATH_SEARCH_PATHS = "$(inherited) @executable_path/Frameworks";
				PRODUCT_NAME = "$(TARGET_NAME)";
			};
			name = Debug;
		};
		3A3F1B671D3A4E2F0047C6B1 /* Release */ = {
			isa = XCBuildConfiguration;
			buildSettings = {
				ASSETCATALOG_COMPILER_APPICON_NAME = AppIcon;
				ASSETCATALOG_COMPILER_LAUNCHIMAGE_NAME = LaunchImage;
				INFOPLIST_FILE = GDWeibo/Info.plist;
				LD_RUNPATH_SEARCH_PATHS = "$(inherited) @executable_path/Frameworks";
				PRODUCT_NAME = "$(TARGET_NAME)";
			};
			name = Release;
		};
		3A3F1B691D3A4E2F0047C6B1 /* Debug */ = {
			isa = XCBuildConfiguration;
			buildSettings = {
				BUNDLE_LOADER = "$(TEST_HOST)";
				FRAMEWORK_SEARCH_PATHS = (
					"$(SDKROOT)/Developer/Library/Frameworks",
					"$(inherited)",
				);
				GCC_PREPROCESSOR_DEFINITIONS = (
					"DEBUG=1",
					"$(inherited)",
				);
				INFOPLIST_FILE = GDWeiboTests/Info.plist;
				LD_RUNPATH_SEARCH_PATHS = "$(inherited) @executable_path/Frameworks @loader_path/Frameworks";
				PRODUCT_NAME = "$(TARGET_NAME)";
				TEST_HOST = "$(BUILT_PRODUCTS_DIR)/GDWeibo.app/GDWeibo";
			};
			name = Debug;
		};
		3A3F1B6A1D3A4E2F0047C6B1 /* Release */ = {
			isa = XCBuildConfiguration;
			buildSettings = {
				BUNDLE_LOADER = "$(TEST_HOST)";
				FRAMEWORK_SEARCH_PATHS = (
					"$(SDKROOT)/Developer/Library/Frameworks",
					"$(inherited)",
				);
				INFOPLIST_FILE = GDWeiboTests/Info.plist;
				LD_RUNPATH_SEARCH_PATHS = "$(inherited) @executable_path/Frameworks @loader_path/Frameworks";
				PRODUCT_NAME = "$(TARGET_NAME)";
				TEST_HOST = "$(BUILT_PRODUCTS_DIR)/GDWeibo.app/GDWeibo";
			};
			name = Release;
		};
/* End XCBuildConfiguration section */

/* Begin XCConfigurationList section */
		3A3F1B3D1D3A4E2F0047C6B1 /* Build configuration list for PBXProject "GDWeibo" */ = {
			isa = XCConfigurationList;
			buildConfigurations = (
				3A3F1B631D3A4E2F0047C6B1 /* Debug */,
				3A3F1B641D3A4E2F0047C6B1 /* Release */,
			);
			defaultConfigurationIsVisible = 0;
			defaultConfigurationName = Release;
		};
		3A3F1B651D3A4E2F0047C6B1 /* Build configuration list for PBXNativeTarget "GDWeibo" */ = {
			isa = XCConfigurationList;
			buildConfigurations = (
				3A3F1B661D3A4E2F0047C6B1 /* Debug */,
				3A3F1B671D3A4E2F0047C6B1 /* Release */,
			);
			defaultConfigurationIsVisible = 0;
			defaultConfigurationName = Release;
		};
		3A3F1B681D3A4E2F0047C6B1 /* Build configuration list for PBXNativeTarget "GDWeiboTests" */ = {
			isa = XCConfigurationList;
			buildConfigurations = (
				3A3F1B691D3A4E2F0047C6B1 /* Debug */,
				3A3F1B6A1D3A4E2F0047C6B1 /* Release */,
			);
			defaultConfigurationIsVisible = 0;
			defaultConfigurationName = Release;
		};
/* End XCConfigurationList section */
	};
	rootObject = 3A3F1B3A1D3A4E2F0047C6B1 /* Project object */;
}
